
Microsoft Visual Studio Solution File, Format Version 12.00
# Visual Studio Version 17
VisualStudioVersion = 17.8.34525.116
MinimumVisualStudioVersion = 10.0.40219.1
Project("{FAE04EC0-301F-11D3-BF4B-00C04F79EFBC}") = "MusicPlayer", "MusicPlayer\MusicPlayer.csproj", "{B7A11439-DFE0-4873-BAA3-9641B9400318}"
EndProject
Global
	GlobalSection(SolutionConfigurationPlatforms) = preSolution
		Debug|Any CPU = Debug|Any CPU
		Release|Any CPU = Release|Any CPU
	EndGlobalSection
	GlobalSection(ProjectConfigurationPlatforms) = postSolution
		{B7A11439-DFE0-4873-BAA3-9641B9400318}.Debug|Any CPU.ActiveCfg = Debug|Any CPU
		{B7A11439-DFE0-4873-BAA3-9641B9400318}.Debug|Any CPU.Build.0 = Debug|Any CPU
		{B7A11439-DFE0-4873-BAA3-9641B9400318}.Release|Any CPU.ActiveCfg = Release|Any CPU
		{B7A11439-DFE0-4873-BAA3-9641B9400318}.Release|Any CPU.Build.0 = Release|Any CPU
	EndGlobalSection
	GlobalSection(SolutionProperties) = preSolution
		HideSolutionNode = FALSE
	EndGlobalSection
	GlobalSection(ExtensibilityGlobals) = postSolution
		SolutionGuid = {A1771698-A57B-48AF-AB8A-B637A0DE3D7E}
	EndGlobalSection
EndGlobal
